
Microsoft Visual Studio Solution File, Format Version 12.00
# Visual Studio Version 17
VisualStudioVersion = 17.14.36408.4 d17.14
MinimumVisualStudioVersion = 10.0.40219.1
Project("{FAE04EC0-301F-11D3-BF4B-00C04F79EFBC}") = "QuizApp", "QuizApp\QuizApp.csproj", "{743E5C38-A51A-497E-A1D9-82B169CFCB1C}"
EndProject
Global
	GlobalSection(SolutionConfigurationPlatforms) = preSolution
		Debug|Any CPU = Debug|Any CPU
		Release|Any CPU = Release|Any CPU
	EndGlobalSection
	GlobalSection(ProjectConfigurationPlatforms) = postSolution
		{743E5C38-A51A-497E-A1D9-82B169CFCB1C}.Debug|Any CPU.ActiveCfg = Debug|Any CPU
		{743E5C38-A51A-497E-A1D9-82B169CFCB1C}.Debug|Any CPU.Build.0 = Debug|Any CPU
		{743E5C38-A51A-497E-A1D9-82B169CFCB1C}.Release|Any CPU.ActiveCfg = Release|Any CPU
		{743E5C38-A51A-497E-A1D9-82B169CFCB1C}.Release|Any CPU.Build.0 = Release|Any CPU
	EndGlobalSection
	GlobalSection(SolutionProperties) = preSolution
		HideSolutionNode = FALSE
	EndGlobalSection
	GlobalSection(ExtensibilityGlobals) = postSolution
		SolutionGuid = {03A04BC5-1988-4C6E-9F3E-996F82169D85}
	EndGlobalSection
EndGlobal
